{
  "name": "tscircuit-to-jlc",
  "lockfileVersion": 3,
  "requires": true,
  "packages": {
    "": {
      "dependencies": {
        "adm-zip": "^0.5.10",
        "circuit-json-to-bom-csv": "^0.0.7",
        "circuit-json-to-gerber": "^0.0.25",
        "circuit-json-to-pnp-csv": "^0.0.7"
      }
    },
    "node_modules/@tscircuit/alphabet": {
      "version": "0.0.2",
      "resolved": "https://registry.npmjs.org/@tscircuit/alphabet/-/alphabet-0.0.2.tgz",
      "integrity": "sha512-vLdnx3iJqBQhnFb7mf5IREemtQYidJzGBtYVvzxd3u1WOwgtXkrj9VY2hDjaPNozMVC4zjKOG87z0SHLO74uAQ==",
      "peerDependencies": {
        "typescript": "^5.0.0"
      }
    },
    "node_modules/@tscircuit/soup-util": {
      "version": "0.0.41",
      "resolved": "https://registry.npmjs.org/@tscircuit/soup-util/-/soup-util-0.0.41.tgz",
      "integrity": "sha512-47JKWBUKkRVHhad0HhBbdOJxB6v/eiac46beiKRBMlJqiZ1gPGI276v9iZfpF7c4hXR69cURcgiwuA5vowrFEg==",
      "license": "ISC",
      "peer": true,
      "dependencies": {
        "parsel-js": "^1.1.2"
      },
      "peerDependencies": {
        "circuit-json": "*",
        "transformation-matrix": "*",
        "zod": "*"
      }
    },
    "node_modules/adm-zip": {
      "version": "0.5.16",
      "resolved": "https://registry.npmjs.org/adm-zip/-/adm-zip-0.5.16.tgz",
      "integrity": "sha512-TGw5yVi4saajsSEgz25grObGHEUaDrniwvA2qwSC060KfqGPdglhvPMA2lPIoxs3PQIItj2iag35fONcQqgUaQ==",
      "license": "MIT",
      "engines": {
        "node": ">=12.0"
      }
    },
    "node_modules/circuit-json": {
      "version": "0.0.213",
      "resolved": "https://registry.npmjs.org/circuit-json/-/circuit-json-0.0.213.tgz",
      "integrity": "sha512-WgKoSYyvhI+anWo1EzTBEgNQSyh68zgpW+7X3SPmpQwIkybB01j23uKp+SQPZ0U6iHRE5p84TuixWN0K6vApPQ==",
      "license": "ISC",
      "dependencies": {
        "nanoid": "^5.0.7",
        "zod": "*"
      },
      "peerDependencies": {
        "zod": "*"
      }
    },
    "node_modules/circuit-json-to-bom-csv": {
      "version": "0.0.7",
      "resolved": "https://registry.npmjs.org/circuit-json-to-bom-csv/-/circuit-json-to-bom-csv-0.0.7.tgz",
      "integrity": "sha512-bmdNtnrATx7DpV2dTjXLkFmgvxJfY4Um/k+7lXJhkXhlY2hEf7msxBqDXQdcKYkDB9/sdqZp4iCrWqItJ6N7yQ==",
      "dependencies": {
        "format-si-prefix": "^0.3.2",
        "papaparse": "^5.4.1"
      },
      "peerDependencies": {
        "typescript": "^5.0.0"
      }
    },
    "node_modules/circuit-json-to-gerber": {
      "version": "0.0.25",
      "resolved": "https://registry.npmjs.org/circuit-json-to-gerber/-/circuit-json-to-gerber-0.0.25.tgz",
      "integrity": "sha512-PX9MlTvcJzihqODauy6SxjnyGIltEXSMrful7Quj8yR2K4Bm1CotCZBBHEELq3wGMZwdmQC4CEaw/L2JQulYMg==",
      "dependencies": {
        "@tscircuit/alphabet": "^0.0.2",
        "circuit-json": "*",
        "fast-json-stable-stringify": "^2.1.0",
        "transformation-matrix": "^3.0.0"
      },
      "bin": {
        "circuit-to-gerber": "dist/cli.js"
      },
      "peerDependencies": {
        "circuit-json": "*",
        "typescript": "^5.0.0"
      }
    },
    "node_modules/circuit-json-to-pnp-csv": {
      "version": "0.0.7",
      "resolved": "https://registry.npmjs.org/circuit-json-to-pnp-csv/-/circuit-json-to-pnp-csv-0.0.7.tgz",
      "integrity": "sha512-WAdNRHtaPhQM8X5NN/43WMBKDCEKQSLShg/mHIZxMUzJviymnfbq6rJj/2WvDqm/bogey34PyTEHwF3mC7zxlQ==",
      "dependencies": {
        "papaparse": "^5.4.1"
      },
      "peerDependencies": {
        "@tscircuit/soup-util": "*",
        "typescript": "^5.0.0"
      }
    },
    "node_modules/fast-json-stable-stringify": {
      "version": "2.1.0",
      "resolved": "https://registry.npmjs.org/fast-json-stable-stringify/-/fast-json-stable-stringify-2.1.0.tgz",
      "integrity": "sha512-lhd/wF+Lk98HZoTCtlVraHtfh5XYijIjalXck7saUtuanSDyLMxnHhSXEDJqHxD7msR8D0uCmqlkwjCV8xvwHw==",
      "license": "MIT"
    },
    "node_modules/format-si-prefix": {
      "version": "0.3.2",
      "resolved": "https://registry.npmjs.org/format-si-prefix/-/format-si-prefix-0.3.2.tgz",
      "integrity": "sha512-gtCZh4RpmlmEZtyzyvs+FXXWOmdfpQQ0M7mjc81zpAYm5QpsoUDPKhAK+Lj7fJCtZSJpE5xbpCYgspCBxahObQ==",
      "license": "MIT",
      "dependencies": {
        "parseunit": "^0"
      }
    },
    "node_modules/nanoid": {
      "version": "5.1.5",
      "resolved": "https://registry.npmjs.org/nanoid/-/nanoid-5.1.5.tgz",
      "integrity": "sha512-Ir/+ZpE9fDsNH0hQ3C68uyThDXzYcim2EqcZ8zn8Chtt1iylPT9xXJB0kPCnqzgcEGikO9RxSrh63MsmVCU7Fw==",
      "funding": [
        {
          "type": "github",
          "url": "https://github.com/sponsors/ai"
        }
      ],
      "license": "MIT",
      "bin": {
        "nanoid": "bin/nanoid.js"
      },
      "engines": {
        "node": "^18 || >=20"
      }
    },
    "node_modules/papaparse": {
      "version": "5.5.3",
      "resolved": "https://registry.npmjs.org/papaparse/-/papaparse-5.5.3.tgz",
      "integrity": "sha512-5QvjGxYVjxO59MGU2lHVYpRWBBtKHnlIAcSe1uNFCkkptUh63NFRj0FJQm7nR67puEruUci/ZkjmEFrjCAyP4A==",
      "license": "MIT"
    },
    "node_modules/parsel-js": {
      "version": "1.2.2",
      "resolved": "https://registry.npmjs.org/parsel-js/-/parsel-js-1.2.2.tgz",
      "integrity": "sha512-AVJMlwQ4bL2Y0VvYJGk+Fp7eX4SCH2uFoNApmn4yKWACUewZ+alwW3tyoe1r5Z3aLYQTuAuPZIyGghMfO/Tlxw==",
      "funding": [
        {
          "type": "individual",
          "url": "https://github.com/sponsors/LeaVerou"
        },
        {
          "type": "opencollective",
          "url": "https://opencollective.com/leaverou"
        }
      ],
      "license": "MIT",
      "peer": true
    },
    "node_modules/parseunit": {
      "version": "0.3.1",
      "resolved": "https://registry.npmjs.org/parseunit/-/parseunit-0.3.1.tgz",
      "integrity": "sha512-kKtTgCJDsktOHsnvRR/B5DhWi3a/RZ5M9XjVQZGbOatcam+/tk4sMOCQ1WM9Rswfr78zWGBgHNbWTyJvfR0ejg==",
      "license": "MIT"
    },
    "node_modules/transformation-matrix": {
      "version": "3.0.0",
      "resolved": "https://registry.npmjs.org/transformation-matrix/-/transformation-matrix-3.0.0.tgz",
      "integrity": "sha512-C6NlNnD6T8JqDeY4BpGznuve4d8/JlLDZLcJbnnx7gQKoyk01+uk2XYVFjBGqvNsVxJUpUwb3WZpjpdPr+05FQ==",
      "license": "MIT",
      "funding": {
        "url": "https://github.com/sponsors/chrvadala"
      }
    },
    "node_modules/typescript": {
      "version": "5.8.3",
      "resolved": "https://registry.npmjs.org/typescript/-/typescript-5.8.3.tgz",
      "integrity": "sha512-p1diW6TqL9L07nNxvRMM7hMMw4c5XOo/1ibL4aAIGmSAt9slTE1Xgw5KWuof2uTOvCg9BY7ZRi+GaF+7sfgPeQ==",
      "license": "Apache-2.0",
      "peer": true,
      "bin": {
        "tsc": "bin/tsc",
        "tsserver": "bin/tsserver"
      },
      "engines": {
        "node": ">=14.17"
      }
    },
    "node_modules/zod": {
      "version": "3.25.67",
      "resolved": "https://registry.npmjs.org/zod/-/zod-3.25.67.tgz",
      "integrity": "sha512-idA2YXwpCdqUSKRCACDE6ItZD9TZzy3OZMtpfLoh6oPR47lipysRrJfjzMqFxQ3uJuUPyUeWe1r9vLH33xO/Qw==",
      "license": "MIT",
      "funding": {
        "url": "https://github.com/sponsors/colinhacks"
      }
    }
  }
}
