{
  "name": "tscircuit-to-jlc",
  "lockfileVersion": 3,
  "requires": true,
  "packages": {
    "": {
      "dependencies": {
        "adm-zip": "^0.5.10",
        "circuit-json-to-bom-csv": "^0.0.7",
        "circuit-json-to-gerber": "^0.0.25",
        "circuit-json-to-pnp-csv": "^0.0.7",
        "easyeda": "^0.0.192"
      }
    },
    "node_modules/@lume/kiwi": {
      "version": "0.4.4",
      "resolved": "https://registry.npmjs.org/@lume/kiwi/-/kiwi-0.4.4.tgz",
      "integrity": "sha512-ie0YTKgiZqD4TXlJ4eUbfi4UEoKs6YlLRYNTfPm5eUXwfudTBmPRs7Qcxz2SWKDpVTwThv3sWG6zwtyAA0nPpw==",
      "license": "BSD-3-Clause"
    },
    "node_modules/@tscircuit/alphabet": {
      "version": "0.0.2",
      "resolved": "https://registry.npmjs.org/@tscircuit/alphabet/-/alphabet-0.0.2.tgz",
      "integrity": "sha512-vLdnx3iJqBQhnFb7mf5IREemtQYidJzGBtYVvzxd3u1WOwgtXkrj9VY2hDjaPNozMVC4zjKOG87z0SHLO74uAQ==",
      "peerDependencies": {
        "typescript": "^5.0.0"
      }
    },
    "node_modules/@tscircuit/capacity-autorouter": {
      "version": "0.0.84",
      "resolved": "https://registry.npmjs.org/@tscircuit/capacity-autorouter/-/capacity-autorouter-0.0.84.tgz",
      "integrity": "sha512-HUGy7FJfsO/2AgVjXYqooQa0qPo3oznZ1sjLdIgpM/1J3duJy9kyTxfuOjv+xmfzok48ftSgwr8KGfabuHJM1w==",
      "peer": true,
      "dependencies": {
        "fast-json-stable-stringify": "^2.1.0",
        "object-hash": "^3.0.0"
      },
      "peerDependencies": {
        "typescript": "^5.7.3"
      }
    },
    "node_modules/@tscircuit/checks": {
      "version": "0.0.54",
      "resolved": "https://registry.npmjs.org/@tscircuit/checks/-/checks-0.0.54.tgz",
      "integrity": "sha512-oILB9IMr9Au2hP4tIOBTEXLDv6/f6fZSS6rZRQiRAioWYVVd5yjkqok7s1cJGI5tWYExrjj/qUcVBAGdJrHl3A==",
      "peer": true,
      "peerDependencies": {
        "@tscircuit/math-utils": "*",
        "circuit-json": "*",
        "circuit-json-to-connectivity-map": "*",
        "typescript": "^5.5.3"
      }
    },
    "node_modules/@tscircuit/circuit-json-util": {
      "version": "0.0.50",
      "resolved": "https://registry.npmjs.org/@tscircuit/circuit-json-util/-/circuit-json-util-0.0.50.tgz",
      "integrity": "sha512-+ygl/enzpe9RvIstg+EXl6aeGIDJKaFyQDCBbvWh8/PI68BtoElqArUq/FUFVcXhY/wyVNExd+HyYnsbHXw+gw==",
      "license": "MIT",
      "peer": true,
      "dependencies": {
        "parsel-js": "^1.1.2"
      },
      "peerDependencies": {
        "circuit-json": "*",
        "transformation-matrix": "*",
        "zod": "*"
      }
    },
    "node_modules/@tscircuit/core": {
      "version": "0.0.446",
      "resolved": "https://registry.npmjs.org/@tscircuit/core/-/core-0.0.446.tgz",
      "integrity": "sha512-P8r3gLhFQrzsJMkRdc+aaG+9ELAv2PPZHyNLBVLuzYfp4Na6BsOmGtnhrGCX1Z9RTThVpktQAi+G+590lzKluA==",
      "dependencies": {
        "@lume/kiwi": "^0.4.3",
        "css-select": "^5.1.0",
        "format-si-unit": "^0.0.3",
        "nanoid": "^5.0.7",
        "performance-now": "^2.1.0",
        "react-reconciler": "^0.31.0",
        "react-reconciler-18": "npm:react-reconciler@0.29.2",
        "transformation-matrix": "^2.16.1",
        "zod": "^3.23.8"
      },
      "peerDependencies": {
        "@tscircuit/capacity-autorouter": "*",
        "@tscircuit/checks": "*",
        "@tscircuit/circuit-json-util": "*",
        "@tscircuit/footprinter": "*",
        "@tscircuit/infgrid-ijump-astar": "*",
        "@tscircuit/math-utils": "*",
        "@tscircuit/props": "*",
        "@tscircuit/schematic-autolayout": "*",
        "@tscircuit/schematic-match-adapt": "*",
        "circuit-json": "*",
        "circuit-json-to-connectivity-map": "*",
        "schematic-symbols": "*",
        "typescript": "^5.0.0"
      }
    },
    "node_modules/@tscircuit/core/node_modules/react": {
      "version": "18.3.1",
      "resolved": "https://registry.npmjs.org/react/-/react-18.3.1.tgz",
      "integrity": "sha512-wS+hAgJShR0KhEvPJArfuPVN1+Hz1t0Y6n5jLrGQbkb4urgPE/0Rve+1kMB1v/oWgHgm4WIcV+i7F2pTVj+2iQ==",
      "license": "MIT",
      "peer": true,
      "dependencies": {
        "loose-envify": "^1.1.0"
      },
      "engines": {
        "node": ">=0.10.0"
      }
    },
    "node_modules/@tscircuit/core/node_modules/react-reconciler-18": {
      "name": "react-reconciler",
      "version": "0.29.2",
      "resolved": "https://registry.npmjs.org/react-reconciler/-/react-reconciler-0.29.2.tgz",
      "integrity": "sha512-zZQqIiYgDCTP/f1N/mAR10nJGrPD2ZR+jDSEsKWJHYC7Cm2wodlwbR3upZRdC3cjIjSlTLNVyO7Iu0Yy7t2AYg==",
      "license": "MIT",
      "dependencies": {
        "loose-envify": "^1.1.0",
        "scheduler": "^0.23.2"
      },
      "engines": {
        "node": ">=0.10.0"
      },
      "peerDependencies": {
        "react": "^18.3.1"
      }
    },
    "node_modules/@tscircuit/core/node_modules/scheduler": {
      "version": "0.23.2",
      "resolved": "https://registry.npmjs.org/scheduler/-/scheduler-0.23.2.tgz",
      "integrity": "sha512-UOShsPwz7NrMUqhR6t0hWjFduvOzbtv7toDH1/hIrfRNIDBnnBWd0CwJTGvTpngVlmwGCdP9/Zl/tVrDqcuYzQ==",
      "license": "MIT",
      "dependencies": {
        "loose-envify": "^1.1.0"
      }
    },
    "node_modules/@tscircuit/core/node_modules/transformation-matrix": {
      "version": "2.16.1",
      "resolved": "https://registry.npmjs.org/transformation-matrix/-/transformation-matrix-2.16.1.tgz",
      "integrity": "sha512-tdtC3wxVEuzU7X/ydL131Q3JU5cPMEn37oqVLITjRDSDsnSHVFzW2JiCLfZLIQEgWzZHdSy3J6bZzvKEN24jGA==",
      "license": "MIT",
      "funding": {
        "url": "https://github.com/sponsors/chrvadala"
      }
    },
    "node_modules/@tscircuit/footprinter": {
      "version": "0.0.186",
      "resolved": "https://registry.npmjs.org/@tscircuit/footprinter/-/footprinter-0.0.186.tgz",
      "integrity": "sha512-LNBujeGtUANzvVpSp7AQOG/KWQG6vWe24NEeCn7zokzWCehQlT+1jKdhSHAQHRhFXXRjTsn8uxApxKzsSraj1Q==",
      "license": "ISC",
      "peer": true,
      "dependencies": {
        "@tscircuit/mm": "^0.0.8",
        "zod": "^3.23.8"
      },
      "peerDependencies": {
        "circuit-json": "*"
      }
    },
    "node_modules/@tscircuit/infgrid-ijump-astar": {
      "version": "0.0.35",
      "resolved": "https://registry.npmjs.org/@tscircuit/infgrid-ijump-astar/-/infgrid-ijump-astar-0.0.35.tgz",
      "integrity": "sha512-PZx3GyD7mDNEhLJn8+7n8NjrieOvrX03g7Gx1cvwXv9mmgSC4M+yTA0WC4DgOvcRdTnarf0R8xvwtDeJ4tMK9Q==",
      "peer": true
    },
    "node_modules/@tscircuit/layout": {
      "version": "0.0.29",
      "resolved": "https://registry.npmjs.org/@tscircuit/layout/-/layout-0.0.29.tgz",
      "integrity": "sha512-3V1SikE147UT/ag8/BRX5oBjYc6H0ZdV+7Et+ljp8fMyQy2P9EMbNKjS0yaXI1SSNgxfnEmDWqImw1JB0oWeXg==",
      "license": "ISC",
      "peer": true,
      "dependencies": {
        "@tscircuit/soup-util": "*",
        "transformation-matrix": "^2.16.1",
        "zod": "*"
      },
      "peerDependencies": {
        "@tscircuit/manual-edit-events": "*",
        "@tscircuit/schematic-autolayout": "*",
        "@tscircuit/soup-util": "*",
        "circuit-json": "*",
        "zod": "*"
      }
    },
    "node_modules/@tscircuit/layout/node_modules/transformation-matrix": {
      "version": "2.16.1",
      "resolved": "https://registry.npmjs.org/transformation-matrix/-/transformation-matrix-2.16.1.tgz",
      "integrity": "sha512-tdtC3wxVEuzU7X/ydL131Q3JU5cPMEn37oqVLITjRDSDsnSHVFzW2JiCLfZLIQEgWzZHdSy3J6bZzvKEN24jGA==",
      "license": "MIT",
      "peer": true,
      "funding": {
        "url": "https://github.com/sponsors/chrvadala"
      }
    },
    "node_modules/@tscircuit/manual-edit-events": {
      "version": "0.0.6",
      "resolved": "https://registry.npmjs.org/@tscircuit/manual-edit-events/-/manual-edit-events-0.0.6.tgz",
      "integrity": "sha512-PLgy+/Dsw1YcnNVNqfieNGTNIaRKRJ70Jt2LcSMljwaBOtsiOwtdzj24xCYO9XzJUZc7opKytShMlx863PehTQ==",
      "license": "ISC",
      "peer": true,
      "dependencies": {
        "zod": "^3.23.8"
      }
    },
    "node_modules/@tscircuit/math-utils": {
      "version": "0.0.18",
      "resolved": "https://registry.npmjs.org/@tscircuit/math-utils/-/math-utils-0.0.18.tgz",
      "integrity": "sha512-P45v7V/BiVZZjXTUzjWSUsy0M8GpI5o6d+JWhPWE5+JwI/sYZARuLT4e1xzV7LaavEX4GQ0NKG9hKN48xTZJsw==",
      "peer": true,
      "peerDependencies": {
        "typescript": "^5.0.0"
      }
    },
    "node_modules/@tscircuit/mm": {
      "version": "0.0.8",
      "resolved": "https://registry.npmjs.org/@tscircuit/mm/-/mm-0.0.8.tgz",
      "integrity": "sha512-nl7nxE7AhARbKuobflI0LUzoir7+wJyvwfPw6bzA/O0Q3YTcH3vBkU/Of+V/fp6ht+AofiCXj7YAH9E446138Q==",
      "peerDependencies": {
        "typescript": "^5.0.0"
      }
    },
    "node_modules/@tscircuit/props": {
      "version": "0.0.246",
      "resolved": "https://registry.npmjs.org/@tscircuit/props/-/props-0.0.246.tgz",
      "integrity": "sha512-HHY51vYBVPMW8K3yx3DiyFIpFM5mJRU7g8/e6ZXz0Uhu1HIhtV2Z1HQrA0uwGXQKVXwE1Zez4NBqr+vGI8fLcg==",
      "license": "ISC",
      "peer": true,
      "peerDependencies": {
        "@tscircuit/layout": "*",
        "circuit-json": "*",
        "react": "*",
        "zod": "*"
      }
    },
    "node_modules/@tscircuit/schematic-autolayout": {
      "version": "0.0.6",
      "resolved": "https://registry.npmjs.org/@tscircuit/schematic-autolayout/-/schematic-autolayout-0.0.6.tgz",
      "integrity": "sha512-34cQxtlSylBKyHkzaMBCynaWJgN9c/mWm7cz63StTYIafKmfFs383K8Xoc4QX8HXCvVrHYl1aK15onZua9MxeA==",
      "peer": true,
      "dependencies": {
        "@tscircuit/soup-util": "^0.0.38",
        "transformation-matrix": "^2.16.1"
      }
    },
    "node_modules/@tscircuit/schematic-autolayout/node_modules/@tscircuit/soup-util": {
      "version": "0.0.38",
      "resolved": "https://registry.npmjs.org/@tscircuit/soup-util/-/soup-util-0.0.38.tgz",
      "integrity": "sha512-GdcuFxk+qnJZv+eI7ZoJ1MJEseFgRyaztMtQ/OXA2SUnxyPEH0UTy9vkhKTm+8GTePryEgdXcc65TgUyrr44ww==",
      "license": "ISC",
      "peer": true,
      "dependencies": {
        "parsel-js": "^1.1.2"
      },
      "peerDependencies": {
        "circuit-json": "*",
        "transformation-matrix": "*",
        "zod": "*"
      }
    },
    "node_modules/@tscircuit/schematic-autolayout/node_modules/transformation-matrix": {
      "version": "2.16.1",
      "resolved": "https://registry.npmjs.org/transformation-matrix/-/transformation-matrix-2.16.1.tgz",
      "integrity": "sha512-tdtC3wxVEuzU7X/ydL131Q3JU5cPMEn37oqVLITjRDSDsnSHVFzW2JiCLfZLIQEgWzZHdSy3J6bZzvKEN24jGA==",
      "license": "MIT",
      "peer": true,
      "funding": {
        "url": "https://github.com/sponsors/chrvadala"
      }
    },
    "node_modules/@tscircuit/schematic-match-adapt": {
      "version": "0.0.22",
      "resolved": "https://registry.npmjs.org/@tscircuit/schematic-match-adapt/-/schematic-match-adapt-0.0.22.tgz",
      "integrity": "sha512-37R3qEY0BRiG1VeqHYzbl53H+cVT8VWLjTwrxkP0cuV7+V+T3HG29B4Y9XtcyoQCkVe2ZcvWd9qMCBqrHRFVjg==",
      "peer": true,
      "peerDependencies": {
        "typescript": "^5"
      }
    },
    "node_modules/@tscircuit/soup-util": {
      "version": "0.0.41",
      "resolved": "https://registry.npmjs.org/@tscircuit/soup-util/-/soup-util-0.0.41.tgz",
      "integrity": "sha512-47JKWBUKkRVHhad0HhBbdOJxB6v/eiac46beiKRBMlJqiZ1gPGI276v9iZfpF7c4hXR69cURcgiwuA5vowrFEg==",
      "license": "ISC",
      "peer": true,
      "dependencies": {
        "parsel-js": "^1.1.2"
      },
      "peerDependencies": {
        "circuit-json": "*",
        "transformation-matrix": "*",
        "zod": "*"
      }
    },
    "node_modules/adm-zip": {
      "version": "0.5.16",
      "resolved": "https://registry.npmjs.org/adm-zip/-/adm-zip-0.5.16.tgz",
      "integrity": "sha512-TGw5yVi4saajsSEgz25grObGHEUaDrniwvA2qwSC060KfqGPdglhvPMA2lPIoxs3PQIItj2iag35fONcQqgUaQ==",
      "license": "MIT",
      "engines": {
        "node": ">=12.0"
      }
    },
    "node_modules/boolbase": {
      "version": "1.0.0",
      "resolved": "https://registry.npmjs.org/boolbase/-/boolbase-1.0.0.tgz",
      "integrity": "sha512-JZOSA7Mo9sNGB8+UjSgzdLtokWAky1zbztM3WRLCbZ70/3cTANmQmOdR7y2g+J0e2WXywy1yS468tY+IruqEww==",
      "license": "ISC"
    },
    "node_modules/circuit-json": {
      "version": "0.0.213",
      "resolved": "https://registry.npmjs.org/circuit-json/-/circuit-json-0.0.213.tgz",
      "integrity": "sha512-WgKoSYyvhI+anWo1EzTBEgNQSyh68zgpW+7X3SPmpQwIkybB01j23uKp+SQPZ0U6iHRE5p84TuixWN0K6vApPQ==",
      "license": "ISC",
      "dependencies": {
        "nanoid": "^5.0.7",
        "zod": "*"
      },
      "peerDependencies": {
        "zod": "*"
      }
    },
    "node_modules/circuit-json-to-bom-csv": {
      "version": "0.0.7",
      "resolved": "https://registry.npmjs.org/circuit-json-to-bom-csv/-/circuit-json-to-bom-csv-0.0.7.tgz",
      "integrity": "sha512-bmdNtnrATx7DpV2dTjXLkFmgvxJfY4Um/k+7lXJhkXhlY2hEf7msxBqDXQdcKYkDB9/sdqZp4iCrWqItJ6N7yQ==",
      "dependencies": {
        "format-si-prefix": "^0.3.2",
        "papaparse": "^5.4.1"
      },
      "peerDependencies": {
        "typescript": "^5.0.0"
      }
    },
    "node_modules/circuit-json-to-connectivity-map": {
      "version": "0.0.22",
      "resolved": "https://registry.npmjs.org/circuit-json-to-connectivity-map/-/circuit-json-to-connectivity-map-0.0.22.tgz",
      "integrity": "sha512-HN8DiISjZZLTglGEkYNRpKeQ/DMG4dDo5j4Hck0UGSJbpux9aFwtJOGszMf06Inh/gu5oKBrpZJIeWxaNacKUg==",
      "peer": true,
      "dependencies": {
        "@tscircuit/math-utils": "^0.0.9"
      },
      "peerDependencies": {
        "typescript": "^5.0.0"
      }
    },
    "node_modules/circuit-json-to-connectivity-map/node_modules/@tscircuit/math-utils": {
      "version": "0.0.9",
      "resolved": "https://registry.npmjs.org/@tscircuit/math-utils/-/math-utils-0.0.9.tgz",
      "integrity": "sha512-sPzfXndijet8z29X6f5vnSZddiso2tRg7m6rB+268bVj60mxnxUMD14rKuMlLn6n84fMOpD/X7pRTZUfi6M+Tg==",
      "peer": true,
      "peerDependencies": {
        "typescript": "^5.0.0"
      }
    },
    "node_modules/circuit-json-to-gerber": {
      "version": "0.0.25",
      "resolved": "https://registry.npmjs.org/circuit-json-to-gerber/-/circuit-json-to-gerber-0.0.25.tgz",
      "integrity": "sha512-PX9MlTvcJzihqODauy6SxjnyGIltEXSMrful7Quj8yR2K4Bm1CotCZBBHEELq3wGMZwdmQC4CEaw/L2JQulYMg==",
      "dependencies": {
        "@tscircuit/alphabet": "^0.0.2",
        "circuit-json": "*",
        "fast-json-stable-stringify": "^2.1.0",
        "transformation-matrix": "^3.0.0"
      },
      "bin": {
        "circuit-to-gerber": "dist/cli.js"
      },
      "peerDependencies": {
        "circuit-json": "*",
        "typescript": "^5.0.0"
      }
    },
    "node_modules/circuit-json-to-pnp-csv": {
      "version": "0.0.7",
      "resolved": "https://registry.npmjs.org/circuit-json-to-pnp-csv/-/circuit-json-to-pnp-csv-0.0.7.tgz",
      "integrity": "sha512-WAdNRHtaPhQM8X5NN/43WMBKDCEKQSLShg/mHIZxMUzJviymnfbq6rJj/2WvDqm/bogey34PyTEHwF3mC7zxlQ==",
      "dependencies": {
        "papaparse": "^5.4.1"
      },
      "peerDependencies": {
        "@tscircuit/soup-util": "*",
        "typescript": "^5.0.0"
      }
    },
    "node_modules/commander": {
      "version": "12.1.0",
      "resolved": "https://registry.npmjs.org/commander/-/commander-12.1.0.tgz",
      "integrity": "sha512-Vw8qHK3bZM9y/P10u3Vib8o/DdkvA2OtPtZvD871QKjy74Wj1WSKFILMPRPSdUSx5RFK1arlJzEtA4PkFgnbuA==",
      "license": "MIT",
      "engines": {
        "node": ">=18"
      }
    },
    "node_modules/css-select": {
      "version": "5.2.2",
      "resolved": "https://registry.npmjs.org/css-select/-/css-select-5.2.2.tgz",
      "integrity": "sha512-TizTzUddG/xYLA3NXodFM0fSbNizXjOKhqiQQwvhlspadZokn1KDy0NZFS0wuEubIYAV5/c1/lAr0TaaFXEXzw==",
      "license": "BSD-2-Clause",
      "dependencies": {
        "boolbase": "^1.0.0",
        "css-what": "^6.1.0",
        "domhandler": "^5.0.2",
        "domutils": "^3.0.1",
        "nth-check": "^2.0.1"
      },
      "funding": {
        "url": "https://github.com/sponsors/fb55"
      }
    },
    "node_modules/css-what": {
      "version": "6.2.2",
      "resolved": "https://registry.npmjs.org/css-what/-/css-what-6.2.2.tgz",
      "integrity": "sha512-u/O3vwbptzhMs3L1fQE82ZSLHQQfto5gyZzwteVIEyeaY5Fc7R4dapF/BvRoSYFeqfBk4m0V1Vafq5Pjv25wvA==",
      "license": "BSD-2-Clause",
      "engines": {
        "node": ">= 6"
      },
      "funding": {
        "url": "https://github.com/sponsors/fb55"
      }
    },
    "node_modules/dom-serializer": {
      "version": "2.0.0",
      "resolved": "https://registry.npmjs.org/dom-serializer/-/dom-serializer-2.0.0.tgz",
      "integrity": "sha512-wIkAryiqt/nV5EQKqQpo3SToSOV9J0DnbJqwK7Wv/Trc92zIAYZ4FlMu+JPFW1DfGFt81ZTCGgDEabffXeLyJg==",
      "license": "MIT",
      "dependencies": {
        "domelementtype": "^2.3.0",
        "domhandler": "^5.0.2",
        "entities": "^4.2.0"
      },
      "funding": {
        "url": "https://github.com/cheeriojs/dom-serializer?sponsor=1"
      }
    },
    "node_modules/domelementtype": {
      "version": "2.3.0",
      "resolved": "https://registry.npmjs.org/domelementtype/-/domelementtype-2.3.0.tgz",
      "integrity": "sha512-OLETBj6w0OsagBwdXnPdN0cnMfF9opN69co+7ZrbfPGrdpPVNBUj02spi6B1N7wChLQiPn4CSH/zJvXw56gmHw==",
      "funding": [
        {
          "type": "github",
          "url": "https://github.com/sponsors/fb55"
        }
      ],
      "license": "BSD-2-Clause"
    },
    "node_modules/domhandler": {
      "version": "5.0.3",
      "resolved": "https://registry.npmjs.org/domhandler/-/domhandler-5.0.3.tgz",
      "integrity": "sha512-cgwlv/1iFQiFnU96XXgROh8xTeetsnJiDsTc7TYCLFd9+/WNkIqPTxiM/8pSd8VIrhXGTf1Ny1q1hquVqDJB5w==",
      "license": "BSD-2-Clause",
      "dependencies": {
        "domelementtype": "^2.3.0"
      },
      "engines": {
        "node": ">= 4"
      },
      "funding": {
        "url": "https://github.com/fb55/domhandler?sponsor=1"
      }
    },
    "node_modules/domutils": {
      "version": "3.2.2",
      "resolved": "https://registry.npmjs.org/domutils/-/domutils-3.2.2.tgz",
      "integrity": "sha512-6kZKyUajlDuqlHKVX1w7gyslj9MPIXzIFiz/rGu35uC1wMi+kMhQwGhl4lt9unC9Vb9INnY9Z3/ZA3+FhASLaw==",
      "license": "BSD-2-Clause",
      "dependencies": {
        "dom-serializer": "^2.0.0",
        "domelementtype": "^2.3.0",
        "domhandler": "^5.0.3"
      },
      "funding": {
        "url": "https://github.com/fb55/domutils?sponsor=1"
      }
    },
    "node_modules/easyeda": {
      "version": "0.0.192",
      "resolved": "https://registry.npmjs.org/easyeda/-/easyeda-0.0.192.tgz",
      "integrity": "sha512-E/xlpzkLTyJhQBNjVzb4wcx8e/8ll17DWXb+A4uqDDv+661GHVHSMYupz87v5SJWcME2qO5nAxbADy/taogfqA==",
      "dependencies": {
        "@tscircuit/core": "^0.0.446",
        "@tscircuit/mm": "^0.0.8",
        "commander": "^12.1.0",
        "transformation-matrix": "^2.16.1",
        "zod": "^3.25.36"
      },
      "bin": {
        "easyeda": "dist/cli/main.js",
        "easyeda-converter": "dist/cli/main.js"
      },
      "peerDependencies": {
        "typescript": "^5.5.2"
      }
    },
    "node_modules/easyeda/node_modules/transformation-matrix": {
      "version": "2.16.1",
      "resolved": "https://registry.npmjs.org/transformation-matrix/-/transformation-matrix-2.16.1.tgz",
      "integrity": "sha512-tdtC3wxVEuzU7X/ydL131Q3JU5cPMEn37oqVLITjRDSDsnSHVFzW2JiCLfZLIQEgWzZHdSy3J6bZzvKEN24jGA==",
      "license": "MIT",
      "funding": {
        "url": "https://github.com/sponsors/chrvadala"
      }
    },
    "node_modules/entities": {
      "version": "4.5.0",
      "resolved": "https://registry.npmjs.org/entities/-/entities-4.5.0.tgz",
      "integrity": "sha512-V0hjH4dGPh9Ao5p0MoRY6BVqtwCjhz6vI5LT8AJ55H+4g9/4vbHx1I54fS0XuclLhDHArPQCiMjDxjaL8fPxhw==",
      "license": "BSD-2-Clause",
      "engines": {
        "node": ">=0.12"
      },
      "funding": {
        "url": "https://github.com/fb55/entities?sponsor=1"
      }
    },
    "node_modules/fast-json-stable-stringify": {
      "version": "2.1.0",
      "resolved": "https://registry.npmjs.org/fast-json-stable-stringify/-/fast-json-stable-stringify-2.1.0.tgz",
      "integrity": "sha512-lhd/wF+Lk98HZoTCtlVraHtfh5XYijIjalXck7saUtuanSDyLMxnHhSXEDJqHxD7msR8D0uCmqlkwjCV8xvwHw==",
      "license": "MIT"
    },
    "node_modules/format-si-prefix": {
      "version": "0.3.2",
      "resolved": "https://registry.npmjs.org/format-si-prefix/-/format-si-prefix-0.3.2.tgz",
      "integrity": "sha512-gtCZh4RpmlmEZtyzyvs+FXXWOmdfpQQ0M7mjc81zpAYm5QpsoUDPKhAK+Lj7fJCtZSJpE5xbpCYgspCBxahObQ==",
      "license": "MIT",
      "dependencies": {
        "parseunit": "^0"
      }
    },
    "node_modules/format-si-unit": {
      "version": "0.0.3",
      "resolved": "https://registry.npmjs.org/format-si-unit/-/format-si-unit-0.0.3.tgz",
      "integrity": "sha512-rhw1g1mOoLV497FtKNbzBPE4fJXfWRmIEPRO0DKXpEPvS54vRLjG8e1jE4vOcjZg4bsoOPJkM9jB6yGk+0XKmQ==",
      "peerDependencies": {
        "typescript": "^5.0.0"
      }
    },
    "node_modules/js-tokens": {
      "version": "4.0.0",
      "resolved": "https://registry.npmjs.org/js-tokens/-/js-tokens-4.0.0.tgz",
      "integrity": "sha512-RdJUflcE3cUzKiMqQgsCu06FPu9UdIJO0beYbPhHN4k6apgJtifcoCtT9bcxOpYBtpD2kCM6Sbzg4CausW/PKQ==",
      "license": "MIT"
    },
    "node_modules/loose-envify": {
      "version": "1.4.0",
      "resolved": "https://registry.npmjs.org/loose-envify/-/loose-envify-1.4.0.tgz",
      "integrity": "sha512-lyuxPGr/Wfhrlem2CL/UcnUc1zcqKAImBDzukY7Y5F/yQiNdko6+fRLevlw1HgMySw7f611UIY408EtxRSoK3Q==",
      "license": "MIT",
      "dependencies": {
        "js-tokens": "^3.0.0 || ^4.0.0"
      },
      "bin": {
        "loose-envify": "cli.js"
      }
    },
    "node_modules/nanoid": {
      "version": "5.1.5",
      "resolved": "https://registry.npmjs.org/nanoid/-/nanoid-5.1.5.tgz",
      "integrity": "sha512-Ir/+ZpE9fDsNH0hQ3C68uyThDXzYcim2EqcZ8zn8Chtt1iylPT9xXJB0kPCnqzgcEGikO9RxSrh63MsmVCU7Fw==",
      "funding": [
        {
          "type": "github",
          "url": "https://github.com/sponsors/ai"
        }
      ],
      "license": "MIT",
      "bin": {
        "nanoid": "bin/nanoid.js"
      },
      "engines": {
        "node": "^18 || >=20"
      }
    },
    "node_modules/nth-check": {
      "version": "2.1.1",
      "resolved": "https://registry.npmjs.org/nth-check/-/nth-check-2.1.1.tgz",
      "integrity": "sha512-lqjrjmaOoAnWfMmBPL+XNnynZh2+swxiX3WUE0s4yEHI6m+AwrK2UZOimIRl3X/4QctVqS8AiZjFqyOGrMXb/w==",
      "license": "BSD-2-Clause",
      "dependencies": {
        "boolbase": "^1.0.0"
      },
      "funding": {
        "url": "https://github.com/fb55/nth-check?sponsor=1"
      }
    },
    "node_modules/object-hash": {
      "version": "3.0.0",
      "resolved": "https://registry.npmjs.org/object-hash/-/object-hash-3.0.0.tgz",
      "integrity": "sha512-RSn9F68PjH9HqtltsSnqYC1XXoWe9Bju5+213R98cNGttag9q9yAOTzdbsqvIa7aNm5WffBZFpWYr2aWrklWAw==",
      "license": "MIT",
      "peer": true,
      "engines": {
        "node": ">= 6"
      }
    },
    "node_modules/papaparse": {
      "version": "5.5.3",
      "resolved": "https://registry.npmjs.org/papaparse/-/papaparse-5.5.3.tgz",
      "integrity": "sha512-5QvjGxYVjxO59MGU2lHVYpRWBBtKHnlIAcSe1uNFCkkptUh63NFRj0FJQm7nR67puEruUci/ZkjmEFrjCAyP4A==",
      "license": "MIT"
    },
    "node_modules/parsel-js": {
      "version": "1.2.2",
      "resolved": "https://registry.npmjs.org/parsel-js/-/parsel-js-1.2.2.tgz",
      "integrity": "sha512-AVJMlwQ4bL2Y0VvYJGk+Fp7eX4SCH2uFoNApmn4yKWACUewZ+alwW3tyoe1r5Z3aLYQTuAuPZIyGghMfO/Tlxw==",
      "funding": [
        {
          "type": "individual",
          "url": "https://github.com/sponsors/LeaVerou"
        },
        {
          "type": "opencollective",
          "url": "https://opencollective.com/leaverou"
        }
      ],
      "license": "MIT",
      "peer": true
    },
    "node_modules/parseunit": {
      "version": "0.3.1",
      "resolved": "https://registry.npmjs.org/parseunit/-/parseunit-0.3.1.tgz",
      "integrity": "sha512-kKtTgCJDsktOHsnvRR/B5DhWi3a/RZ5M9XjVQZGbOatcam+/tk4sMOCQ1WM9Rswfr78zWGBgHNbWTyJvfR0ejg==",
      "license": "MIT"
    },
    "node_modules/performance-now": {
      "version": "2.1.0",
      "resolved": "https://registry.npmjs.org/performance-now/-/performance-now-2.1.0.tgz",
      "integrity": "sha512-7EAHlyLHI56VEIdK57uwHdHKIaAGbnXPiw0yWbarQZOKaKpvUIgW0jWRVLiatnM+XXlSwsanIBH/hzGMJulMow==",
      "license": "MIT"
    },
    "node_modules/react": {
      "version": "19.1.0",
      "resolved": "https://registry.npmjs.org/react/-/react-19.1.0.tgz",
      "integrity": "sha512-FS+XFBNvn3GTAWq26joslQgWNoFu08F4kl0J4CgdNKADkdSGXQyTCnKteIAJy96Br6YbpEU1LSzV5dYtjMkMDg==",
      "license": "MIT",
      "peer": true,
      "engines": {
        "node": ">=0.10.0"
      }
    },
    "node_modules/react-reconciler": {
      "version": "0.31.0",
      "resolved": "https://registry.npmjs.org/react-reconciler/-/react-reconciler-0.31.0.tgz",
      "integrity": "sha512-7Ob7Z+URmesIsIVRjnLoDGwBEG/tVitidU0nMsqX/eeJaLY89RISO/10ERe0MqmzuKUUB1rmY+h1itMbUHg9BQ==",
      "license": "MIT",
      "dependencies": {
        "scheduler": "^0.25.0"
      },
      "engines": {
        "node": ">=0.10.0"
      },
      "peerDependencies": {
        "react": "^19.0.0"
      }
    },
    "node_modules/scheduler": {
      "version": "0.25.0",
      "resolved": "https://registry.npmjs.org/scheduler/-/scheduler-0.25.0.tgz",
      "integrity": "sha512-xFVuu11jh+xcO7JOAGJNOXld8/TcEHK/4CituBUeUb5hqxJLj9YuemAEuvm9gQ/+pgXYfbQuqAkiYu+u7YEsNA==",
      "license": "MIT"
    },
    "node_modules/schematic-symbols": {
      "version": "0.0.166",
      "resolved": "https://registry.npmjs.org/schematic-symbols/-/schematic-symbols-0.0.166.tgz",
      "integrity": "sha512-iMwIq28D3J4y+VOVDHz8u1dWJfmyEctcEi6E7TCw/qMx7cyfOP7ESNJU8EX2udk2xGM629Q8SfNtu3axJhHY1A==",
      "peer": true,
      "peerDependencies": {
        "typescript": "^5.5.4"
      }
    },
    "node_modules/transformation-matrix": {
      "version": "3.0.0",
      "resolved": "https://registry.npmjs.org/transformation-matrix/-/transformation-matrix-3.0.0.tgz",
      "integrity": "sha512-C6NlNnD6T8JqDeY4BpGznuve4d8/JlLDZLcJbnnx7gQKoyk01+uk2XYVFjBGqvNsVxJUpUwb3WZpjpdPr+05FQ==",
      "license": "MIT",
      "funding": {
        "url": "https://github.com/sponsors/chrvadala"
      }
    },
    "node_modules/typescript": {
      "version": "5.8.3",
      "resolved": "https://registry.npmjs.org/typescript/-/typescript-5.8.3.tgz",
      "integrity": "sha512-p1diW6TqL9L07nNxvRMM7hMMw4c5XOo/1ibL4aAIGmSAt9slTE1Xgw5KWuof2uTOvCg9BY7ZRi+GaF+7sfgPeQ==",
      "license": "Apache-2.0",
      "peer": true,
      "bin": {
        "tsc": "bin/tsc",
        "tsserver": "bin/tsserver"
      },
      "engines": {
        "node": ">=14.17"
      }
    },
    "node_modules/zod": {
      "version": "3.25.67",
      "resolved": "https://registry.npmjs.org/zod/-/zod-3.25.67.tgz",
      "integrity": "sha512-idA2YXwpCdqUSKRCACDE6ItZD9TZzy3OZMtpfLoh6oPR47lipysRrJfjzMqFxQ3uJuUPyUeWe1r9vLH33xO/Qw==",
      "license": "MIT",
      "funding": {
        "url": "https://github.com/sponsors/colinhacks"
      }
    }
  }
}
